# THIS IS AN AUTOGENERATED FILE. DO NOT EDIT THIS FILE DIRECTLY.
# yarn lockfile v1


react-icons@^4.6.0:
  version "4.6.0"
  resolved "https://registry.yarnpkg.com/react-icons/-/react-icons-4.6.0.tgz#f83eda179af5d02c047449a20b702c858653d397"
  integrity sha512-rR/L9m9340yO8yv1QT1QurxWQvWpbNHqVX0fzMln2HEb9TEIrQRGsqiNFQfiv9/JEUbyHmHPlNTB2LWm2Ttz0g==
